
Microsoft Visual Studio Solution File, Format Version 12.00
# Visual Studio 15
VisualStudioVersion = 15.0.26430.14
MinimumVisualStudioVersion = 10.0.40219.1
Project("{FAE04EC0-301F-11D3-BF4B-00C04F79EFBC}") = "Android", "Android\Android.csproj", "{CD4886FD-C153-4D39-86D6-1C31261491AF}"
EndProject
Project("{FAE04EC0-301F-11D3-BF4B-00C04F79EFBC}") = "Desktop", "Desktop\Desktop.csproj", "{6CF9C949-7F0A-4A3D-B473-3FA3CAB5C05F}"
EndProject
Project("{D954291E-2A0B-460D-934E-DC6B0785DB48}") = "Content", "Content\Content.shproj", "{A0CDBD0E-3A41-42B7-9425-A838BC2C7383}"
EndProject
Project("{FAE04EC0-301F-11D3-BF4B-00C04F79EFBC}") = "Game", "Game\Game.csproj", "{67F9D3A8-F71E-4428-913F-C37AE82CDB24}"
EndProject
Project("{FAE04EC0-301F-11D3-BF4B-00C04F79EFBC}") = "Libraries", "Libraries\Libraries.csproj", "{E776D2B3-2008-4085-A3B0-6FB9381FB92B}"
EndProject
Project("{FAE04EC0-301F-11D3-BF4B-00C04F79EFBC}") = "GameModel", "GameModel\GameModel.csproj", "{33A39860-3653-4ADF-BE3C-EDC399084896}"
EndProject
Global
	GlobalSection(SharedMSBuildProjectFiles) = preSolution
		Content\Content.projitems*{a0cdbd0e-3a41-42b7-9425-a838bc2c7383}*SharedItemsImports = 13
	EndGlobalSection
	GlobalSection(SolutionConfigurationPlatforms) = preSolution
		Debug|Any CPU = Debug|Any CPU
		Release|Any CPU = Release|Any CPU
	EndGlobalSection
	GlobalSection(ProjectConfigurationPlatforms) = postSolution
		{CD4886FD-C153-4D39-86D6-1C31261491AF}.Debug|Any CPU.ActiveCfg = Debug|Any CPU
		{CD4886FD-C153-4D39-86D6-1C31261491AF}.Debug|Any CPU.Build.0 = Debug|Any CPU
		{CD4886FD-C153-4D39-86D6-1C31261491AF}.Debug|Any CPU.Deploy.0 = Debug|Any CPU
		{CD4886FD-C153-4D39-86D6-1C31261491AF}.Release|Any CPU.ActiveCfg = Release|Any CPU
		{CD4886FD-C153-4D39-86D6-1C31261491AF}.Release|Any CPU.Build.0 = Release|Any CPU
		{CD4886FD-C153-4D39-86D6-1C31261491AF}.Release|Any CPU.Deploy.0 = Release|Any CPU
		{6CF9C949-7F0A-4A3D-B473-3FA3CAB5C05F}.Debug|Any CPU.ActiveCfg = Debug|Any CPU
		{6CF9C949-7F0A-4A3D-B473-3FA3CAB5C05F}.Debug|Any CPU.Build.0 = Debug|Any CPU
		{6CF9C949-7F0A-4A3D-B473-3FA3CAB5C05F}.Release|Any CPU.ActiveCfg = Release|Any CPU
		{6CF9C949-7F0A-4A3D-B473-3FA3CAB5C05F}.Release|Any CPU.Build.0 = Release|Any CPU
		{67F9D3A8-F71E-4428-913F-C37AE82CDB24}.Debug|Any CPU.ActiveCfg = Debug|Any CPU
		{67F9D3A8-F71E-4428-913F-C37AE82CDB24}.Debug|Any CPU.Build.0 = Debug|Any CPU
		{67F9D3A8-F71E-4428-913F-C37AE82CDB24}.Release|Any CPU.ActiveCfg = Release|Any CPU
		{67F9D3A8-F71E-4428-913F-C37AE82CDB24}.Release|Any CPU.Build.0 = Release|Any CPU
		{E776D2B3-2008-4085-A3B0-6FB9381FB92B}.Debug|Any CPU.ActiveCfg = Debug|Any CPU
		{E776D2B3-2008-4085-A3B0-6FB9381FB92B}.Debug|Any CPU.Build.0 = Debug|Any CPU
		{E776D2B3-2008-4085-A3B0-6FB9381FB92B}.Release|Any CPU.ActiveCfg = Release|Any CPU
		{E776D2B3-2008-4085-A3B0-6FB9381FB92B}.Release|Any CPU.Build.0 = Release|Any CPU
		{33A39860-3653-4ADF-BE3C-EDC399084896}.Debug|Any CPU.ActiveCfg = Debug|Any CPU
		{33A39860-3653-4ADF-BE3C-EDC399084896}.Debug|Any CPU.Build.0 = Debug|Any CPU
		{33A39860-3653-4ADF-BE3C-EDC399084896}.Release|Any CPU.ActiveCfg = Release|Any CPU
		{33A39860-3653-4ADF-BE3C-EDC399084896}.Release|Any CPU.Build.0 = Release|Any CPU
	EndGlobalSection
	GlobalSection(SolutionProperties) = preSolution
		HideSolutionNode = FALSE
	EndGlobalSection
EndGlobal
